
Microsoft Visual Studio Solution File, Format Version 12.00
# Visual Studio 15
VisualStudioVersion = 15.0.26730.12
MinimumVisualStudioVersion = 10.0.40219.1
Project("{9A19103F-16F7-4668-BE54-9A1E7A4F7556}") = "ToughCuddles.Data", "ToughCuddles.Data\ToughCuddles.Data.csproj", "{D160DBAD-F01D-4A3D-982A-0A89DEA8D1A2}"
EndProject
Project("{9A19103F-16F7-4668-BE54-9A1E7A4F7556}") = "ToughCuddles.Core", "ToughCuddles.Domain\ToughCuddles.Core.csproj", "{D3CF7E32-8DAB-46E2-AEB6-81DA5A7F5BA4}"
EndProject
Project("{9A19103F-16F7-4668-BE54-9A1E7A4F7556}") = "ToughCuddles.Services", "ToughCuddles.Services\ToughCuddles.Services.csproj", "{62C88704-AEC8-4188-A9DB-9F2C85EC0205}"
EndProject
Project("{9A19103F-16F7-4668-BE54-9A1E7A4F7556}") = "ToughCuddles.Web", "ToughCuddles.Web\ToughCuddles.Web.csproj", "{6AAC78D0-9248-4B6A-89C7-48C348FD1744}"
EndProject
Global
	GlobalSection(SolutionConfigurationPlatforms) = preSolution
		Debug|Any CPU = Debug|Any CPU
		Release|Any CPU = Release|Any CPU
	EndGlobalSection
	GlobalSection(ProjectConfigurationPlatforms) = postSolution
		{D160DBAD-F01D-4A3D-982A-0A89DEA8D1A2}.Debug|Any CPU.ActiveCfg = Debug|Any CPU
		{D160DBAD-F01D-4A3D-982A-0A89DEA8D1A2}.Debug|Any CPU.Build.0 = Debug|Any CPU
		{D160DBAD-F01D-4A3D-982A-0A89DEA8D1A2}.Release|Any CPU.ActiveCfg = Release|Any CPU
		{D160DBAD-F01D-4A3D-982A-0A89DEA8D1A2}.Release|Any CPU.Build.0 = Release|Any CPU
		{D3CF7E32-8DAB-46E2-AEB6-81DA5A7F5BA4}.Debug|Any CPU.ActiveCfg = Debug|Any CPU
		{D3CF7E32-8DAB-46E2-AEB6-81DA5A7F5BA4}.Debug|Any CPU.Build.0 = Debug|Any CPU
		{D3CF7E32-8DAB-46E2-AEB6-81DA5A7F5BA4}.Release|Any CPU.ActiveCfg = Release|Any CPU
		{D3CF7E32-8DAB-46E2-AEB6-81DA5A7F5BA4}.Release|Any CPU.Build.0 = Release|Any CPU
		{62C88704-AEC8-4188-A9DB-9F2C85EC0205}.Debug|Any CPU.ActiveCfg = Debug|Any CPU
		{62C88704-AEC8-4188-A9DB-9F2C85EC0205}.Debug|Any CPU.Build.0 = Debug|Any CPU
		{62C88704-AEC8-4188-A9DB-9F2C85EC0205}.Release|Any CPU.ActiveCfg = Release|Any CPU
		{62C88704-AEC8-4188-A9DB-9F2C85EC0205}.Release|Any CPU.Build.0 = Release|Any CPU
		{6AAC78D0-9248-4B6A-89C7-48C348FD1744}.Debug|Any CPU.ActiveCfg = Debug|Any CPU
		{6AAC78D0-9248-4B6A-89C7-48C348FD1744}.Debug|Any CPU.Build.0 = Debug|Any CPU
		{6AAC78D0-9248-4B6A-89C7-48C348FD1744}.Release|Any CPU.ActiveCfg = Release|Any CPU
		{6AAC78D0-9248-4B6A-89C7-48C348FD1744}.Release|Any CPU.Build.0 = Release|Any CPU
	EndGlobalSection
	GlobalSection(SolutionProperties) = preSolution
		HideSolutionNode = FALSE
	EndGlobalSection
	GlobalSection(ExtensibilityGlobals) = postSolution
		SolutionGuid = {FF23CA3E-01D1-4D6A-8170-2613472C3A55}
	EndGlobalSection
EndGlobal
